// !$*UTF8*$!
{
	archiveVersion = 1;
	classes = {
	};
	objectVersion = 56;
	objects = {

/* Begin PBXBuildFile section */
		E8ACEA762A41CB35008F8384 /* AppDelegate.swift in Sources */ = {isa = PBXBuildFile; fileRef = E8ACEA752A41CB35008F8384 /* AppDelegate.swift */; };
		E8ACEA782A41CB35008F8384 /* SceneDelegate.swift in Sources */ = {isa = PBXBuildFile; fileRef = E8ACEA772A41CB35008F8384 /* SceneDelegate.swift */; };
		E8ACEA7A2A41CB35008F8384 /* ViewController.swift in Sources */ = {isa = PBXBuildFile; fileRef = E8ACEA792A41CB35008F8384 /* ViewController.swift */; };
		E8ACEA7D2A41CB35008F8384 /* Main.storyboard in Resources */ = {isa = PBXBuildFile; fileRef = E8ACEA7B2A41CB35008F8384 /* Main.storyboard */; };
		E8ACEA802A41CB35008F8384 /* Tableview_using_Coredata.xcdatamodeld in Sources */ = {isa = PBXBuildFile; fileRef = E8ACEA7E2A41CB35008F8384 /* Tableview_using_Coredata.xcdatamodeld */; };
		E8ACEA822A41CB38008F8384 /* Assets.xcassets in Resources */ = {isa = PBXBuildFile; fileRef = E8ACEA812A41CB38008F8384 /* Assets.xcassets */; };
		E8ACEA852A41CB38008F8384 /* LaunchScreen.storyboard in Resources */ = {isa = PBXBuildFile; fileRef = E8ACEA832A41CB38008F8384 /* LaunchScreen.storyboard */; };
/* End PBXBuildFile section */

/* Begin PBXFileReference section */
		E8ACEA722A41CB35008F8384 /* Tableview using Coredata.app */ = {isa = PBXFileReference; explicitFileType = wrapper.application; includeInIndex = 0; path = "Tableview using Coredata.app"; sourceTree = BUILT_PRODUCTS_DIR; };
		E8ACEA752A41CB35008F8384 /* AppDelegate.swift */ = {isa = PBXFileReference; lastKnownFileType = sourcecode.swift; path = AppDelegate.swift; sourceTree = "<group>"; };
		E8ACEA772A41CB35008F8384 /* SceneDelegate.swift */ = {isa = PBXFileReference; lastKnownFileType = sourcecode.swift; path = SceneDelegate.swift; sourceTree = "<group>"; };
		E8ACEA792A41CB35008F8384 /* ViewController.swift */ = {isa = PBXFileReference; lastKnownFileType = sourcecode.swift; path = ViewController.swift; sourceTree = "<group>"; };
		E8ACEA7C2A41CB35008F8384 /* Base */ = {isa = PBXFileReference; lastKnownFileType = file.storyboard; name = Base; path = Base.lproj/Main.storyboard; sourceTree = "<group>"; };
		E8ACEA7F2A41CB35008F8384 /* Tableview_using_Coredata.xcdatamodel */ = {isa = PBXFileReference; lastKnownFileType = wrapper.xcdatamodel; path = Tableview_using_Coredata.xcdatamodel; sourceTree = "<group>"; };
		E8ACEA812A41CB38008F8384 /* Assets.xcassets */ = {isa = PBXFileReference; lastKnownFileType = folder.assetcatalog; path = Assets.xcassets; sourceTree = "<group>"; };
		E8ACEA842A41CB38008F8384 /* Base */ = {isa = PBXFileReference; lastKnownFileType = file.storyboard; name = Base; path = Base.lproj/LaunchScreen.storyboard; sourceTree = "<group>"; };
		E8ACEA862A41CB38008F8384 /* Info.plist */ = {isa = PBXFileReference; lastKnownFileType = text.plist.xml; path = Info.plist; sourceTree = "<group>"; };
/* End PBXFileReference section */

/* Begin PBXFrameworksBuildPhase section */
		E8ACEA6F2A41CB35008F8384 /* Frameworks */ = {
			isa = PBXFrameworksBuildPhase;
			buildActionMask = 2147483647;
			files = (
			);
			runOnlyForDeploymentPostprocessing = 0;
		};
/* End PBXFrameworksBuildPhase section */

/* Begin PBXGroup section */
		E8ACEA692A41CB35008F8384 = {
			isa = PBXGroup;
			children = (
				E8ACEA742A41CB35008F8384 /* Tableview using Coredata */,
				E8ACEA732A41CB35008F8384 /* Products */,
			);
			sourceTree = "<group>";
		};
		E8ACEA732A41CB35008F8384 /* Products */ = {
			isa = PBXGroup;
			children = (
				E8ACEA722A41CB35008F8384 /* Tableview using Coredata.app */,
			);
			name = Products;
			sourceTree = "<group>";
		};
		E8ACEA742A41CB35008F8384 /* Tableview using Coredata */ = {
			isa = PBXGroup;
			children = (
				E8ACEA752A41CB35008F8384 /* AppDelegate.swift */,
				E8ACEA772A41CB35008F8384 /* SceneDelegate.swift */,
				E8ACEA792A41CB35008F8384 /* ViewController.swift */,
				E8ACEA7B2A41CB35008F8384 /* Main.storyboard */,
				E8ACEA812A41CB38008F8384 /* Assets.xcassets */,
				E8ACEA832A41CB38008F8384 /* LaunchScreen.storyboard */,
				E8ACEA862A41CB38008F8384 /* Info.plist */,
				E8ACEA7E2A41CB35008F8384 /* Tableview_using_Coredata.xcdatamodeld */,
			);
			path = "Tableview using Coredata";
			sourceTree = "<group>";
		};
/* End PBXGroup section */

/* Begin PBXNativeTarget section */
		E8ACEA712A41CB35008F8384 /* Tableview using Coredata */ = {
			isa = PBXNativeTarget;
			buildConfigurationList = E8ACEA892A41CB38008F8384 /* Build configuration list for PBXNativeTarget "Tableview using Coredata" */;
			buildPhases = (
				E8ACEA6E2A41CB35008F8384 /* Sources */,
				E8ACEA6F2A41CB35008F8384 /* Frameworks */,
				E8ACEA702A41CB35008F8384 /* Resources */,
			);
			buildRules = (
			);
			dependencies = (
			);
			name = "Tableview using Coredata";
			productName = "Tableview using Coredata";
			productReference = E8ACEA722A41CB35008F8384 /* Tableview using Coredata.app */;
			productType = "com.apple.product-type.application";
		};
/* End PBXNativeTarget section */

/* Begin PBXProject section */
		E8ACEA6A2A41CB35008F8384 /* Project object */ = {
			isa = PBXProject;
			attributes = {
				BuildIndependentTargetsInParallel = 1;
				LastSwiftUpdateCheck = 1430;
				LastUpgradeCheck = 1430;
				TargetAttributes = {
					E8ACEA712A41CB35008F8384 = {
						CreatedOnToolsVersion = 14.3;
					};
				};
			};
			buildConfigurationList = E8ACEA6D2A41CB35008F8384 /* Build configuration list for PBXProject "Tableview using Coredata" */;
			compatibilityVersion = "Xcode 14.0";
			developmentRegion = en;
			hasScannedForEncodings = 0;
			knownRegions = (
				en,
				Base,
			);
			mainGroup = E8ACEA692A41CB35008F8384;
			productRefGroup = E8ACEA732A41CB35008F8384 /* Products */;
			projectDirPath = "";
			projectRoot = "";
			targets = (
				E8ACEA712A41CB35008F8384 /* Tableview using Coredata */,
			);
		};
/* End PBXProject section */

/* Begin PBXResourcesBuildPhase section */
		E8ACEA702A41CB35008F8384 /* Resources */ = {
			isa = PBXResourcesBuildPhase;
			buildActionMask = 2147483647;
			files = (
				E8ACEA852A41CB38008F8384 /* LaunchScreen.storyboard in Resources */,
				E8ACEA822A41CB38008F8384 /* Assets.xcassets in Resources */,
				E8ACEA7D2A41CB35008F8384 /* Main.storyboard in Resources */,
			);
			runOnlyForDeploymentPostprocessing = 0;
		};
/* End PBXResourcesBuildPhase section */

/* Begin PBXSourcesBuildPhase section */
		E8ACEA6E2A41CB35008F8384 /* Sources */ = {
			isa = PBXSourcesBuildPhase;
			buildActionMask = 2147483647;
			files = (
				E8ACEA7A2A41CB35008F8384 /* ViewController.swift in Sources */,
				E8ACEA762A41CB35008F8384 /* AppDelegate.swift in Sources */,
				E8ACEA782A41CB35008F8384 /* SceneDelegate.swift in Sources */,
				E8ACEA802A41CB35008F8384 /* Tableview_using_Coredata.xcdatamodeld in Sources */,
			);
			runOnlyForDeploymentPostprocessing = 0;
		};
/* End PBXSourcesBuildPhase section */

/* Begin PBXVariantGroup section */
		E8ACEA7B2A41CB35008F8384 /* Main.storyboard */ = {
			isa = PBXVariantGroup;
			children = (
				E8ACEA7C2A41CB35008F8384 /* Base */,
			);
			name = Main.storyboard;
			sourceTree = "<group>";
		};
		E8ACEA832A41CB38008F8384 /* LaunchScreen.storyboard */ = {
			isa = PBXVariantGroup;
			children = (
				E8ACEA842A41CB38008F8384 /* Base */,
			);
			name = LaunchScreen.storyboard;
			sourceTree = "<group>";
		};
/* End PBXVariantGroup section */

/* Begin XCBuildConfiguration section */
		E8ACEA872A41CB38008F8384 /* Debug */ = {
			isa = XCBuildConfiguration;
			buildSettings = {
				ALWAYS_SEARCH_USER_PATHS = NO;
				CLANG_ANALYZER_NONNULL = YES;
				CLANG_ANALYZER_NUMBER_OBJECT_CONVERSION = YES_AGGRESSIVE;
				CLANG_CXX_LANGUAGE_STANDARD = "gnu++20";
				CLANG_ENABLE_MODULES = YES;
				CLANG_ENABLE_OBJC_ARC = YES;
				CLANG_ENABLE_OBJC_WEAK = YES;
				CLANG_WARN_BLOCK_CAPTURE_AUTORELEASING = YES;
				CLANG_WARN_BOOL_CONVERSION = YES;
				CLANG_WARN_COMMA = YES;
				CLANG_WARN_CONSTANT_CONVERSION = YES;
				CLANG_WARN_DEPRECATED_OBJC_IMPLEMENTATIONS = YES;
				CLANG_WARN_DIRECT_OBJC_ISA_USAGE = YES_ERROR;
				CLANG_WARN_DOCUMENTATION_COMMENTS = YES;
				CLANG_WARN_EMPTY_BODY = YES;
				CLANG_WARN_ENUM_CONVERSION = YES;
				CLANG_WARN_INFINITE_RECURSION = YES;
				CLANG_WARN_INT_CONVERSION = YES;
				CLANG_WARN_NON_LITERAL_NULL_CONVERSION = YES;
				CLANG_WARN_OBJC_IMPLICIT_RETAIN_SELF = YES;
				CLANG_WARN_OBJC_LITERAL_CONVERSION = YES;
				CLANG_WARN_OBJC_ROOT_CLASS = YES_ERROR;
				CLANG_WARN_QUOTED_INCLUDE_IN_FRAMEWORK_HEADER = YES;
				CLANG_WARN_RANGE_LOOP_ANALYSIS = YES;
				CLANG_WARN_STRICT_PROTOTYPES = YES;
				CLANG_WARN_SUSPICIOUS_MOVE = YES;
				CLANG_WARN_UNGUARDED_AVAILABILITY = YES_AGGRESSIVE;
				CLANG_WARN_UNREACHABLE_CODE = YES;
				CLANG_WARN__DUPLICATE_METHOD_MATCH = YES;
				COPY_PHASE_STRIP = NO;
				DEBUG_INFORMATION_FORMAT = dwarf;
				ENABLE_STRICT_OBJC_MSGSEND = YES;
				ENABLE_TESTABILITY = YES;
				GCC_C_LANGUAGE_STANDARD = gnu11;
				GCC_DYNAMIC_NO_PIC = NO;
				GCC_NO_COMMON_BLOCKS = YES;
				GCC_OPTIMIZATION_LEVEL = 0;
				GCC_PREPROCESSOR_DEFINITIONS = (
					"DEBUG=1",
					"$(inherited)",
				);
				GCC_WARN_64_TO_32_BIT_CONVERSION = YES;
				GCC_WARN_ABOUT_RETURN_TYPE = YES_ERROR;
				GCC_WARN_UNDECLARED_SELECTOR = YES;
				GCC_WARN_UNINITIALIZED_AUTOS = YES_AGGRESSIVE;
				GCC_WARN_UNUSED_FUNCTION = YES;
				GCC_WARN_UNUSED_VARIABLE = YES;
				IPHONEOS_DEPLOYMENT_TARGET = 16.4;
				MTL_ENABLE_DEBUG_INFO = INCLUDE_SOURCE;
				MTL_FAST_MATH = YES;
				ONLY_ACTIVE_ARCH = YES;
				SDKROOT = iphoneos;
				SWIFT_ACTIVE_COMPILATION_CONDITIONS = DEBUG;
				SWIFT_OPTIMIZATION_LEVEL = "-Onone";
			};
			name = Debug;
		};
		E8ACEA882A41CB38008F8384 /* Release */ = {
			isa = XCBuildConfiguration;
			buildSettings = {
				ALWAYS_SEARCH_USER_PATHS = NO;
				CLANG_ANALYZER_NONNULL = YES;
				CLANG_ANALYZER_NUMBER_OBJECT_CONVERSION = YES_AGGRESSIVE;
				CLANG_CXX_LANGUAGE_STANDARD = "gnu++20";
				CLANG_ENABLE_MODULES = YES;
				CLANG_ENABLE_OBJC_ARC = YES;
				CLANG_ENABLE_OBJC_WEAK = YES;
				CLANG_WARN_BLOCK_CAPTURE_AUTORELEASING = YES;
				CLANG_WARN_BOOL_CONVERSION = YES;
				CLANG_WARN_COMMA = YES;
				CLANG_WARN_CONSTANT_CONVERSION = YES;
				CLANG_WARN_DEPRECATED_OBJC_IMPLEMENTATIONS = YES;
				CLANG_WARN_DIRECT_OBJC_ISA_USAGE = YES_ERROR;
				CLANG_WARN_DOCUMENTATION_COMMENTS = YES;
				CLANG_WARN_EMPTY_BODY = YES;
				CLANG_WARN_ENUM_CONVERSION = YES;
				CLANG_WARN_INFINITE_RECURSION = YES;
				CLANG_WARN_INT_CONVERSION = YES;
				CLANG_WARN_NON_LITERAL_NULL_CONVERSION = YES;
				CLANG_WARN_OBJC_IMPLICIT_RETAIN_SELF = YES;
				CLANG_WARN_OBJC_LITERAL_CONVERSION = YES;
				CLANG_WARN_OBJC_ROOT_CLASS = YES_ERROR;
				CLANG_WARN_QUOTED_INCLUDE_IN_FRAMEWORK_HEADER = YES;
				CLANG_WARN_RANGE_LOOP_ANALYSIS = YES;
				CLANG_WARN_STRICT_PROTOTYPES = YES;
				CLANG_WARN_SUSPICIOUS_MOVE = YES;
				CLANG_WARN_UNGUARDED_AVAILABILITY = YES_AGGRESSIVE;
				CLANG_WARN_UNREACHABLE_CODE = YES;
				CLANG_WARN__DUPLICATE_METHOD_MATCH = YES;
				COPY_PHASE_STRIP = NO;
				DEBUG_INFORMATION_FORMAT = "dwarf-with-dsym";
				ENABLE_NS_ASSERTIONS = NO;
				ENABLE_STRICT_OBJC_MSGSEND = YES;
				GCC_C_LANGUAGE_STANDARD = gnu11;
				GCC_NO_COMMON_BLOCKS = YES;
				GCC_WARN_64_TO_32_BIT_CONVERSION = YES;
				GCC_WARN_ABOUT_RETURN_TYPE = YES_ERROR;
				GCC_WARN_UNDECLARED_SELECTOR = YES;
				GCC_WARN_UNINITIALIZED_AUTOS = YES_AGGRESSIVE;
				GCC_WARN_UNUSED_FUNCTION = YES;
				GCC_WARN_UNUSED_VARIABLE = YES;
				IPHONEOS_DEPLOYMENT_TARGET = 16.4;
				MTL_ENABLE_DEBUG_INFO = NO;
				MTL_FAST_MATH = YES;
				SDKROOT = iphoneos;
				SWIFT_COMPILATION_MODE = wholemodule;
				SWIFT_OPTIMIZATION_LEVEL = "-O";
				VALIDATE_PRODUCT = YES;
			};
			name = Release;
		};
		E8ACEA8A2A41CB38008F8384 /* Debug */ = {
			isa = XCBuildConfiguration;
			buildSettings = {
				ASSETCATALOG_COMPILER_APPICON_NAME = AppIcon;
				ASSETCATALOG_COMPILER_GLOBAL_ACCENT_COLOR_NAME = AccentColor;
				CODE_SIGN_STYLE = Automatic;
				CURRENT_PROJECT_VERSION = 1;
				GENERATE_INFOPLIST_FILE = YES;
				INFOPLIST_FILE = "Tableview using Coredata/Info.plist";
				INFOPLIST_KEY_UIApplicationSupportsIndirectInputEvents = YES;
				INFOPLIST_KEY_UILaunchStoryboardName = LaunchScreen;
				INFOPLIST_KEY_UIMainStoryboardFile = Main;
				INFOPLIST_KEY_UISupportedInterfaceOrientations_iPad = "UIInterfaceOrientationPortrait UIInterfaceOrientationPortraitUpsideDown UIInterfaceOrientationLandscapeLeft UIInterfaceOrientationLandscapeRight";
				INFOPLIST_KEY_UISupportedInterfaceOrientations_iPhone = "UIInterfaceOrientationPortrait UIInterfaceOrientationLandscapeLeft UIInterfaceOrientationLandscapeRight";
				LD_RUNPATH_SEARCH_PATHS = (
					"$(inherited)",
					"@executable_path/Frameworks",
				);
				MARKETING_VERSION = 1.0;
				PRODUCT_BUNDLE_IDENTIFIER = "TIPU.Tableview-using-Coredata";
				PRODUCT_NAME = "$(TARGET_NAME)";
				SWIFT_EMIT_LOC_STRINGS = YES;
				SWIFT_VERSION = 5.0;
				TARGETED_DEVICE_FAMILY = "1,2";
			};
			name = Debug;
		};
		E8ACEA8B2A41CB38008F8384 /* Release */ = {
			isa = XCBuildConfiguration;
			buildSettings = {
				ASSETCATALOG_COMPILER_APPICON_NAME = AppIcon;
				ASSETCATALOG_COMPILER_GLOBAL_ACCENT_COLOR_NAME = AccentColor;
				CODE_SIGN_STYLE = Automatic;
				CURRENT_PROJECT_VERSION = 1;
				GENERATE_INFOPLIST_FILE = YES;
				INFOPLIST_FILE = "Tableview using Coredata/Info.plist";
				INFOPLIST_KEY_UIApplicationSupportsIndirectInputEvents = YES;
				INFOPLIST_KEY_UILaunchStoryboardName = LaunchScreen;
				INFOPLIST_KEY_UIMainStoryboardFile = Main;
				INFOPLIST_KEY_UISupportedInterfaceOrientations_iPad = "UIInterfaceOrientationPortrait UIInterfaceOrientationPortraitUpsideDown UIInterfaceOrientationLandscapeLeft UIInterfaceOrientationLandscapeRight";
				INFOPLIST_KEY_UISupportedInterfaceOrientations_iPhone = "UIInterfaceOrientationPortrait UIInterfaceOrientationLandscapeLeft UIInterfaceOrientationLandscapeRight";
				LD_RUNPATH_SEARCH_PATHS = (
					"$(inherited)",
					"@executable_path/Frameworks",
				);
				MARKETING_VERSION = 1.0;
				PRODUCT_BUNDLE_IDENTIFIER = "TIPU.Tableview-using-Coredata";
				PRODUCT_NAME = "$(TARGET_NAME)";
				SWIFT_EMIT_LOC_STRINGS = YES;
				SWIFT_VERSION = 5.0;
				TARGETED_DEVICE_FAMILY = "1,2";
			};
			name = Release;
		};
/* End XCBuildConfiguration section */

/* Begin XCConfigurationList section */
		E8ACEA6D2A41CB35008F8384 /* Build configuration list for PBXProject "Tableview using Coredata" */ = {
			isa = XCConfigurationList;
			buildConfigurations = (
				E8ACEA872A41CB38008F8384 /* Debug */,
				E8ACEA882A41CB38008F8384 /* Release */,
			);
			defaultConfigurationIsVisible = 0;
			defaultConfigurationName = Release;
		};
		E8ACEA892A41CB38008F8384 /* Build configuration list for PBXNativeTarget "Tableview using Coredata" */ = {
			isa = XCConfigurationList;
			buildConfigurations = (
				E8ACEA8A2A41CB38008F8384 /* Debug */,
				E8ACEA8B2A41CB38008F8384 /* Release */,
			);
			defaultConfigurationIsVisible = 0;
			defaultConfigurationName = Release;
		};
/* End XCConfigurationList section */

/* Begin XCVersionGroup section */
		E8ACEA7E2A41CB35008F8384 /* Tableview_using_Coredata.xcdatamodeld */ = {
			isa = XCVersionGroup;
			children = (
				E8ACEA7F2A41CB35008F8384 /* Tableview_using_Coredata.xcdatamodel */,
			);
			currentVersion = E8ACEA7F2A41CB35008F8384 /* Tableview_using_Coredata.xcdatamodel */;
			path = Tableview_using_Coredata.xcdatamodeld;
			sourceTree = "<group>";
			versionGroupType = wrapper.xcdatamodel;
		};
/* End XCVersionGroup section */
	};
	rootObject = E8ACEA6A2A41CB35008F8384 /* Project object */;
}
